
Microsoft Visual Studio Solution File, Format Version 12.00
# Visual Studio Version 17
VisualStudioVersion = 17.13.35931.197 d17.13
MinimumVisualStudioVersion = 10.0.40219.1
Project("{FAE04EC0-301F-11D3-BF4B-00C04F79EFBC}") = "ConsoleApp1", "ConsoleApp1\ConsoleApp1.csproj", "{F40FD5A7-8C20-47A7-9BB0-C8F53212EFCD}"
EndProject
Project("{FAE04EC0-301F-11D3-BF4B-00C04F79EFBC}") = "ConsoleApp2", "ConsoleApp2\ConsoleApp2.csproj", "{4F6AF3D7-7773-44A3-8C23-FE20E78CF4D4}"
EndProject
Project("{FAE04EC0-301F-11D3-BF4B-00C04F79EFBC}") = "ConsoleApp3", "ConsoleApp3\ConsoleApp3.csproj", "{7760CFAE-F939-417B-AAB0-2C6D46400330}"
EndProject
Project("{FAE04EC0-301F-11D3-BF4B-00C04F79EFBC}") = "ConsoleApp4", "ConsoleApp4\ConsoleApp4.csproj", "{5CA237D2-0358-4AC1-8C1A-8B1183618979}"
EndProject
Global
	GlobalSection(SolutionConfigurationPlatforms) = preSolution
		Debug|Any CPU = Debug|Any CPU
		Release|Any CPU = Release|Any CPU
	EndGlobalSection
	GlobalSection(ProjectConfigurationPlatforms) = postSolution
		{F40FD5A7-8C20-47A7-9BB0-C8F53212EFCD}.Debug|Any CPU.ActiveCfg = Debug|Any CPU
		{F40FD5A7-8C20-47A7-9BB0-C8F53212EFCD}.Debug|Any CPU.Build.0 = Debug|Any CPU
		{F40FD5A7-8C20-47A7-9BB0-C8F53212EFCD}.Release|Any CPU.ActiveCfg = Release|Any CPU
		{F40FD5A7-8C20-47A7-9BB0-C8F53212EFCD}.Release|Any CPU.Build.0 = Release|Any CPU
		{4F6AF3D7-7773-44A3-8C23-FE20E78CF4D4}.Debug|Any CPU.ActiveCfg = Debug|Any CPU
		{4F6AF3D7-7773-44A3-8C23-FE20E78CF4D4}.Debug|Any CPU.Build.0 = Debug|Any CPU
		{4F6AF3D7-7773-44A3-8C23-FE20E78CF4D4}.Release|Any CPU.ActiveCfg = Release|Any CPU
		{4F6AF3D7-7773-44A3-8C23-FE20E78CF4D4}.Release|Any CPU.Build.0 = Release|Any CPU
		{7760CFAE-F939-417B-AAB0-2C6D46400330}.Debug|Any CPU.ActiveCfg = Debug|Any CPU
		{7760CFAE-F939-417B-AAB0-2C6D46400330}.Debug|Any CPU.Build.0 = Debug|Any CPU
		{7760CFAE-F939-417B-AAB0-2C6D46400330}.Release|Any CPU.ActiveCfg = Release|Any CPU
		{7760CFAE-F939-417B-AAB0-2C6D46400330}.Release|Any CPU.Build.0 = Release|Any CPU
		{5CA237D2-0358-4AC1-8C1A-8B1183618979}.Debug|Any CPU.ActiveCfg = Debug|Any CPU
		{5CA237D2-0358-4AC1-8C1A-8B1183618979}.Debug|Any CPU.Build.0 = Debug|Any CPU
		{5CA237D2-0358-4AC1-8C1A-8B1183618979}.Release|Any CPU.ActiveCfg = Release|Any CPU
		{5CA237D2-0358-4AC1-8C1A-8B1183618979}.Release|Any CPU.Build.0 = Release|Any CPU
	EndGlobalSection
	GlobalSection(SolutionProperties) = preSolution
		HideSolutionNode = FALSE
	EndGlobalSection
	GlobalSection(ExtensibilityGlobals) = postSolution
		SolutionGuid = {34FD4435-C17B-4E5C-9548-C087041F9182}
	EndGlobalSection
EndGlobal
