
Microsoft Visual Studio Solution File, Format Version 12.00
# Visual Studio Version 17
VisualStudioVersion = 17.13.35931.197 d17.13
MinimumVisualStudioVersion = 10.0.40219.1
Project("{FAE04EC0-301F-11D3-BF4B-00C04F79EFBC}") = "ConsoleApp1", "ConsoleApp1\ConsoleApp1.csproj", "{F40FD5A7-8C20-47A7-9BB0-C8F53212EFCD}"
EndProject
Project("{FAE04EC0-301F-11D3-BF4B-00C04F79EFBC}") = "ConsoleApp2", "ConsoleApp2\ConsoleApp2.csproj", "{4F6AF3D7-7773-44A3-8C23-FE20E78CF4D4}"
EndProject
Project("{FAE04EC0-301F-11D3-BF4B-00C04F79EFBC}") = "ConsoleApp3", "ConsoleApp3\ConsoleApp3.csproj", "{7760CFAE-F939-417B-AAB0-2C6D46400330}"
EndProject
Project("{FAE04EC0-301F-11D3-BF4B-00C04F79EFBC}") = "ConsoleApp4", "ConsoleApp4\ConsoleApp4.csproj", "{5CA237D2-0358-4AC1-8C1A-8B1183618979}"
EndProject
Project("{FAE04EC0-301F-11D3-BF4B-00C04F79EFBC}") = "ConsoleApp5", "ConsoleApp5\ConsoleApp5.csproj", "{8D5C8BDF-BF3E-41EA-A991-EC29A339A2D1}"
EndProject
Project("{FAE04EC0-301F-11D3-BF4B-00C04F79EFBC}") = "ConsoleApp6", "ConsoleApp6\ConsoleApp6.csproj", "{229C2B3F-5CF2-4947-A581-A20C902C4CDE}"
EndProject
Project("{FAE04EC0-301F-11D3-BF4B-00C04F79EFBC}") = "ConsoleApp7", "ConsoleApp7\ConsoleApp7.csproj", "{0A4CA26C-7D92-4A74-A108-C109DFD79E12}"
EndProject
Project("{FAE04EC0-301F-11D3-BF4B-00C04F79EFBC}") = "ConsoleApp8", "ConsoleApp8\ConsoleApp8.csproj", "{17F52209-FF99-4780-A1BD-937BE739636B}"
EndProject
Project("{FAE04EC0-301F-11D3-BF4B-00C04F79EFBC}") = "ConsoleApp9", "ConsoleApp9\ConsoleApp9.csproj", "{7D5054D3-EE73-4810-86FD-0A4E8F8B4E05}"
EndProject
Project("{FAE04EC0-301F-11D3-BF4B-00C04F79EFBC}") = "ConsoleApp10", "ConsoleApp10\ConsoleApp10.csproj", "{037CE66E-9A98-475E-8675-B66731F0EFDA}"
EndProject
Project("{FAE04EC0-301F-11D3-BF4B-00C04F79EFBC}") = "ConsoleApp11", "ConsoleApp11\ConsoleApp11.csproj", "{11E40E86-CFD5-4CFB-9882-93875899AF38}"
EndProject
Project("{FAE04EC0-301F-11D3-BF4B-00C04F79EFBC}") = "ConsoleApp12", "ConsoleApp12\ConsoleApp12.csproj", "{BA0A8121-F2A9-4070-8187-C7D9624B7EF1}"
EndProject
Project("{FAE04EC0-301F-11D3-BF4B-00C04F79EFBC}") = "ConsoleApp13", "ConsoleApp13\ConsoleApp13.csproj", "{0E62B8B5-498F-47F4-9A70-A961556E20B3}"
EndProject
Project("{FAE04EC0-301F-11D3-BF4B-00C04F79EFBC}") = "ConsoleApp14", "ConsoleApp14\ConsoleApp14.csproj", "{8F8BABCB-FFA7-4518-8507-21D74C046363}"
EndProject
Project("{FAE04EC0-301F-11D3-BF4B-00C04F79EFBC}") = "ConsoleApp15", "ConsoleApp15\ConsoleApp15.csproj", "{8D7552FC-A663-4376-804A-B36626F60D6C}"
EndProject
Project("{FAE04EC0-301F-11D3-BF4B-00C04F79EFBC}") = "ConsoleApp16", "ConsoleApp16\ConsoleApp16.csproj", "{8BF9F93D-1417-47B8-B07A-3DC55406ECFC}"
EndProject
Project("{FAE04EC0-301F-11D3-BF4B-00C04F79EFBC}") = "ConsoleApp17", "ConsoleApp17\ConsoleApp17.csproj", "{ECBD8449-1437-4F22-ADB0-CF06AA36A639}"
EndProject
Project("{FAE04EC0-301F-11D3-BF4B-00C04F79EFBC}") = "ConsoleApp18", "ConsoleApp18\ConsoleApp18.csproj", "{CEBE3A01-3C75-47C4-98CA-EA04748C3B21}"
EndProject
Project("{FAE04EC0-301F-11D3-BF4B-00C04F79EFBC}") = "ConsoleApp19", "ConsoleApp19\ConsoleApp19.csproj", "{C77A8A67-1471-44F0-81C6-92ECFE6A3B43}"
EndProject
Project("{FAE04EC0-301F-11D3-BF4B-00C04F79EFBC}") = "ConsoleApp20", "ConsoleApp20\ConsoleApp20.csproj", "{25768DD5-8730-4124-9E07-9AB15793C5CE}"
EndProject
Project("{FAE04EC0-301F-11D3-BF4B-00C04F79EFBC}") = "ConsoleApp21", "ConsoleApp21\ConsoleApp21.csproj", "{3540D279-D10E-4930-8CFA-2A7D2B17593E}"
EndProject
Project("{FAE04EC0-301F-11D3-BF4B-00C04F79EFBC}") = "ConsoleApp22", "ConsoleApp22\ConsoleApp22.csproj", "{2DE9BA50-3E83-4BDF-8629-9AC79CA58EB7}"
EndProject
Project("{FAE04EC0-301F-11D3-BF4B-00C04F79EFBC}") = "ConsoleApp23", "ConsoleApp23\ConsoleApp23.csproj", "{180E1645-3295-49BD-AD92-9EB1141B9593}"
EndProject
Project("{FAE04EC0-301F-11D3-BF4B-00C04F79EFBC}") = "ConsoleApp24", "ConsoleApp24\ConsoleApp24.csproj", "{E4F5C088-8C94-49B0-818D-3BE757383FB8}"
EndProject
Project("{FAE04EC0-301F-11D3-BF4B-00C04F79EFBC}") = "ConsoleApp25", "ConsoleApp25\ConsoleApp25.csproj", "{131EA5E6-0A90-4318-B2A1-EFC610D050F1}"
EndProject
Project("{FAE04EC0-301F-11D3-BF4B-00C04F79EFBC}") = "ConsoleApp26", "ConsoleApp26\ConsoleApp26.csproj", "{C986220F-5CE6-43BE-B01E-3AEA505771A3}"
EndProject
Global
	GlobalSection(SolutionConfigurationPlatforms) = preSolution
		Debug|Any CPU = Debug|Any CPU
		Release|Any CPU = Release|Any CPU
	EndGlobalSection
	GlobalSection(ProjectConfigurationPlatforms) = postSolution
		{F40FD5A7-8C20-47A7-9BB0-C8F53212EFCD}.Debug|Any CPU.ActiveCfg = Debug|Any CPU
		{F40FD5A7-8C20-47A7-9BB0-C8F53212EFCD}.Debug|Any CPU.Build.0 = Debug|Any CPU
		{F40FD5A7-8C20-47A7-9BB0-C8F53212EFCD}.Release|Any CPU.ActiveCfg = Release|Any CPU
		{F40FD5A7-8C20-47A7-9BB0-C8F53212EFCD}.Release|Any CPU.Build.0 = Release|Any CPU
		{4F6AF3D7-7773-44A3-8C23-FE20E78CF4D4}.Debug|Any CPU.ActiveCfg = Debug|Any CPU
		{4F6AF3D7-7773-44A3-8C23-FE20E78CF4D4}.Debug|Any CPU.Build.0 = Debug|Any CPU
		{4F6AF3D7-7773-44A3-8C23-FE20E78CF4D4}.Release|Any CPU.ActiveCfg = Release|Any CPU
		{4F6AF3D7-7773-44A3-8C23-FE20E78CF4D4}.Release|Any CPU.Build.0 = Release|Any CPU
		{7760CFAE-F939-417B-AAB0-2C6D46400330}.Debug|Any CPU.ActiveCfg = Debug|Any CPU
		{7760CFAE-F939-417B-AAB0-2C6D46400330}.Debug|Any CPU.Build.0 = Debug|Any CPU
		{7760CFAE-F939-417B-AAB0-2C6D46400330}.Release|Any CPU.ActiveCfg = Release|Any CPU
		{7760CFAE-F939-417B-AAB0-2C6D46400330}.Release|Any CPU.Build.0 = Release|Any CPU
		{5CA237D2-0358-4AC1-8C1A-8B1183618979}.Debug|Any CPU.ActiveCfg = Debug|Any CPU
		{5CA237D2-0358-4AC1-8C1A-8B1183618979}.Debug|Any CPU.Build.0 = Debug|Any CPU
		{5CA237D2-0358-4AC1-8C1A-8B1183618979}.Release|Any CPU.ActiveCfg = Release|Any CPU
		{5CA237D2-0358-4AC1-8C1A-8B1183618979}.Release|Any CPU.Build.0 = Release|Any CPU
		{8D5C8BDF-BF3E-41EA-A991-EC29A339A2D1}.Debug|Any CPU.ActiveCfg = Debug|Any CPU
		{8D5C8BDF-BF3E-41EA-A991-EC29A339A2D1}.Debug|Any CPU.Build.0 = Debug|Any CPU
		{8D5C8BDF-BF3E-41EA-A991-EC29A339A2D1}.Release|Any CPU.ActiveCfg = Release|Any CPU
		{8D5C8BDF-BF3E-41EA-A991-EC29A339A2D1}.Release|Any CPU.Build.0 = Release|Any CPU
		{229C2B3F-5CF2-4947-A581-A20C902C4CDE}.Debug|Any CPU.ActiveCfg = Debug|Any CPU
		{229C2B3F-5CF2-4947-A581-A20C902C4CDE}.Debug|Any CPU.Build.0 = Debug|Any CPU
		{229C2B3F-5CF2-4947-A581-A20C902C4CDE}.Release|Any CPU.ActiveCfg = Release|Any CPU
		{229C2B3F-5CF2-4947-A581-A20C902C4CDE}.Release|Any CPU.Build.0 = Release|Any CPU
		{0A4CA26C-7D92-4A74-A108-C109DFD79E12}.Debug|Any CPU.ActiveCfg = Debug|Any CPU
		{0A4CA26C-7D92-4A74-A108-C109DFD79E12}.Debug|Any CPU.Build.0 = Debug|Any CPU
		{0A4CA26C-7D92-4A74-A108-C109DFD79E12}.Release|Any CPU.ActiveCfg = Release|Any CPU
		{0A4CA26C-7D92-4A74-A108-C109DFD79E12}.Release|Any CPU.Build.0 = Release|Any CPU
		{17F52209-FF99-4780-A1BD-937BE739636B}.Debug|Any CPU.ActiveCfg = Debug|Any CPU
		{17F52209-FF99-4780-A1BD-937BE739636B}.Debug|Any CPU.Build.0 = Debug|Any CPU
		{17F52209-FF99-4780-A1BD-937BE739636B}.Release|Any CPU.ActiveCfg = Release|Any CPU
		{17F52209-FF99-4780-A1BD-937BE739636B}.Release|Any CPU.Build.0 = Release|Any CPU
		{7D5054D3-EE73-4810-86FD-0A4E8F8B4E05}.Debug|Any CPU.ActiveCfg = Debug|Any CPU
		{7D5054D3-EE73-4810-86FD-0A4E8F8B4E05}.Debug|Any CPU.Build.0 = Debug|Any CPU
		{7D5054D3-EE73-4810-86FD-0A4E8F8B4E05}.Release|Any CPU.ActiveCfg = Release|Any CPU
		{7D5054D3-EE73-4810-86FD-0A4E8F8B4E05}.Release|Any CPU.Build.0 = Release|Any CPU
		{037CE66E-9A98-475E-8675-B66731F0EFDA}.Debug|Any CPU.ActiveCfg = Debug|Any CPU
		{037CE66E-9A98-475E-8675-B66731F0EFDA}.Debug|Any CPU.Build.0 = Debug|Any CPU
		{037CE66E-9A98-475E-8675-B66731F0EFDA}.Release|Any CPU.ActiveCfg = Release|Any CPU
		{037CE66E-9A98-475E-8675-B66731F0EFDA}.Release|Any CPU.Build.0 = Release|Any CPU
		{11E40E86-CFD5-4CFB-9882-93875899AF38}.Debug|Any CPU.ActiveCfg = Debug|Any CPU
		{11E40E86-CFD5-4CFB-9882-93875899AF38}.Debug|Any CPU.Build.0 = Debug|Any CPU
		{11E40E86-CFD5-4CFB-9882-93875899AF38}.Release|Any CPU.ActiveCfg = Release|Any CPU
		{11E40E86-CFD5-4CFB-9882-93875899AF38}.Release|Any CPU.Build.0 = Release|Any CPU
		{BA0A8121-F2A9-4070-8187-C7D9624B7EF1}.Debug|Any CPU.ActiveCfg = Debug|Any CPU
		{BA0A8121-F2A9-4070-8187-C7D9624B7EF1}.Debug|Any CPU.Build.0 = Debug|Any CPU
		{BA0A8121-F2A9-4070-8187-C7D9624B7EF1}.Release|Any CPU.ActiveCfg = Release|Any CPU
		{BA0A8121-F2A9-4070-8187-C7D9624B7EF1}.Release|Any CPU.Build.0 = Release|Any CPU
		{0E62B8B5-498F-47F4-9A70-A961556E20B3}.Debug|Any CPU.ActiveCfg = Debug|Any CPU
		{0E62B8B5-498F-47F4-9A70-A961556E20B3}.Debug|Any CPU.Build.0 = Debug|Any CPU
		{0E62B8B5-498F-47F4-9A70-A961556E20B3}.Release|Any CPU.ActiveCfg = Release|Any CPU
		{0E62B8B5-498F-47F4-9A70-A961556E20B3}.Release|Any CPU.Build.0 = Release|Any CPU
		{8F8BABCB-FFA7-4518-8507-21D74C046363}.Debug|Any CPU.ActiveCfg = Debug|Any CPU
		{8F8BABCB-FFA7-4518-8507-21D74C046363}.Debug|Any CPU.Build.0 = Debug|Any CPU
		{8F8BABCB-FFA7-4518-8507-21D74C046363}.Release|Any CPU.ActiveCfg = Release|Any CPU
		{8F8BABCB-FFA7-4518-8507-21D74C046363}.Release|Any CPU.Build.0 = Release|Any CPU
		{8D7552FC-A663-4376-804A-B36626F60D6C}.Debug|Any CPU.ActiveCfg = Debug|Any CPU
		{8D7552FC-A663-4376-804A-B36626F60D6C}.Debug|Any CPU.Build.0 = Debug|Any CPU
		{8D7552FC-A663-4376-804A-B36626F60D6C}.Release|Any CPU.ActiveCfg = Release|Any CPU
		{8D7552FC-A663-4376-804A-B36626F60D6C}.Release|Any CPU.Build.0 = Release|Any CPU
		{8BF9F93D-1417-47B8-B07A-3DC55406ECFC}.Debug|Any CPU.ActiveCfg = Debug|Any CPU
		{8BF9F93D-1417-47B8-B07A-3DC55406ECFC}.Debug|Any CPU.Build.0 = Debug|Any CPU
		{8BF9F93D-1417-47B8-B07A-3DC55406ECFC}.Release|Any CPU.ActiveCfg = Release|Any CPU
		{8BF9F93D-1417-47B8-B07A-3DC55406ECFC}.Release|Any CPU.Build.0 = Release|Any CPU
		{ECBD8449-1437-4F22-ADB0-CF06AA36A639}.Debug|Any CPU.ActiveCfg = Debug|Any CPU
		{ECBD8449-1437-4F22-ADB0-CF06AA36A639}.Debug|Any CPU.Build.0 = Debug|Any CPU
		{ECBD8449-1437-4F22-ADB0-CF06AA36A639}.Release|Any CPU.ActiveCfg = Release|Any CPU
		{ECBD8449-1437-4F22-ADB0-CF06AA36A639}.Release|Any CPU.Build.0 = Release|Any CPU
		{CEBE3A01-3C75-47C4-98CA-EA04748C3B21}.Debug|Any CPU.ActiveCfg = Debug|Any CPU
		{CEBE3A01-3C75-47C4-98CA-EA04748C3B21}.Debug|Any CPU.Build.0 = Debug|Any CPU
		{CEBE3A01-3C75-47C4-98CA-EA04748C3B21}.Release|Any CPU.ActiveCfg = Release|Any CPU
		{CEBE3A01-3C75-47C4-98CA-EA04748C3B21}.Release|Any CPU.Build.0 = Release|Any CPU
		{C77A8A67-1471-44F0-81C6-92ECFE6A3B43}.Debug|Any CPU.ActiveCfg = Debug|Any CPU
		{C77A8A67-1471-44F0-81C6-92ECFE6A3B43}.Debug|Any CPU.Build.0 = Debug|Any CPU
		{C77A8A67-1471-44F0-81C6-92ECFE6A3B43}.Release|Any CPU.ActiveCfg = Release|Any CPU
		{C77A8A67-1471-44F0-81C6-92ECFE6A3B43}.Release|Any CPU.Build.0 = Release|Any CPU
		{25768DD5-8730-4124-9E07-9AB15793C5CE}.Debug|Any CPU.ActiveCfg = Debug|Any CPU
		{25768DD5-8730-4124-9E07-9AB15793C5CE}.Debug|Any CPU.Build.0 = Debug|Any CPU
		{25768DD5-8730-4124-9E07-9AB15793C5CE}.Release|Any CPU.ActiveCfg = Release|Any CPU
		{25768DD5-8730-4124-9E07-9AB15793C5CE}.Release|Any CPU.Build.0 = Release|Any CPU
		{3540D279-D10E-4930-8CFA-2A7D2B17593E}.Debug|Any CPU.ActiveCfg = Debug|Any CPU
		{3540D279-D10E-4930-8CFA-2A7D2B17593E}.Debug|Any CPU.Build.0 = Debug|Any CPU
		{3540D279-D10E-4930-8CFA-2A7D2B17593E}.Release|Any CPU.ActiveCfg = Release|Any CPU
		{3540D279-D10E-4930-8CFA-2A7D2B17593E}.Release|Any CPU.Build.0 = Release|Any CPU
		{2DE9BA50-3E83-4BDF-8629-9AC79CA58EB7}.Debug|Any CPU.ActiveCfg = Debug|Any CPU
		{2DE9BA50-3E83-4BDF-8629-9AC79CA58EB7}.Debug|Any CPU.Build.0 = Debug|Any CPU
		{2DE9BA50-3E83-4BDF-8629-9AC79CA58EB7}.Release|Any CPU.ActiveCfg = Release|Any CPU
		{2DE9BA50-3E83-4BDF-8629-9AC79CA58EB7}.Release|Any CPU.Build.0 = Release|Any CPU
		{180E1645-3295-49BD-AD92-9EB1141B9593}.Debug|Any CPU.ActiveCfg = Debug|Any CPU
		{180E1645-3295-49BD-AD92-9EB1141B9593}.Debug|Any CPU.Build.0 = Debug|Any CPU
		{180E1645-3295-49BD-AD92-9EB1141B9593}.Release|Any CPU.ActiveCfg = Release|Any CPU
		{180E1645-3295-49BD-AD92-9EB1141B9593}.Release|Any CPU.Build.0 = Release|Any CPU
		{E4F5C088-8C94-49B0-818D-3BE757383FB8}.Debug|Any CPU.ActiveCfg = Debug|Any CPU
		{E4F5C088-8C94-49B0-818D-3BE757383FB8}.Debug|Any CPU.Build.0 = Debug|Any CPU
		{E4F5C088-8C94-49B0-818D-3BE757383FB8}.Release|Any CPU.ActiveCfg = Release|Any CPU
		{E4F5C088-8C94-49B0-818D-3BE757383FB8}.Release|Any CPU.Build.0 = Release|Any CPU
		{131EA5E6-0A90-4318-B2A1-EFC610D050F1}.Debug|Any CPU.ActiveCfg = Debug|Any CPU
		{131EA5E6-0A90-4318-B2A1-EFC610D050F1}.Debug|Any CPU.Build.0 = Debug|Any CPU
		{131EA5E6-0A90-4318-B2A1-EFC610D050F1}.Release|Any CPU.ActiveCfg = Release|Any CPU
		{131EA5E6-0A90-4318-B2A1-EFC610D050F1}.Release|Any CPU.Build.0 = Release|Any CPU
		{C986220F-5CE6-43BE-B01E-3AEA505771A3}.Debug|Any CPU.ActiveCfg = Debug|Any CPU
		{C986220F-5CE6-43BE-B01E-3AEA505771A3}.Debug|Any CPU.Build.0 = Debug|Any CPU
		{C986220F-5CE6-43BE-B01E-3AEA505771A3}.Release|Any CPU.ActiveCfg = Release|Any CPU
		{C986220F-5CE6-43BE-B01E-3AEA505771A3}.Release|Any CPU.Build.0 = Release|Any CPU
	EndGlobalSection
	GlobalSection(SolutionProperties) = preSolution
		HideSolutionNode = FALSE
	EndGlobalSection
	GlobalSection(ExtensibilityGlobals) = postSolution
		SolutionGuid = {34FD4435-C17B-4E5C-9548-C087041F9182}
	EndGlobalSection
EndGlobal
